
Microsoft Visual Studio Solution File, Format Version 12.00
# Visual Studio Version 17
VisualStudioVersion = 17.1.32421.90
MinimumVisualStudioVersion = 10.0.40219.1
Project("{FAE04EC0-301F-11D3-BF4B-00C04F79EFBC}") = "RenamerApp", "RenamerApp.csproj", "{BB6858D5-CDBC-4541-9CC3-DB258B3E0A72}"
EndProject
Global
	GlobalSection(SolutionConfigurationPlatforms) = preSolution
		Debug|Any CPU = Debug|Any CPU
		Release|Any CPU = Release|Any CPU
	EndGlobalSection
	GlobalSection(ProjectConfigurationPlatforms) = postSolution
		{BB6858D5-CDBC-4541-9CC3-DB258B3E0A72}.Debug|Any CPU.ActiveCfg = Debug|Any CPU
		{BB6858D5-CDBC-4541-9CC3-DB258B3E0A72}.Debug|Any CPU.Build.0 = Debug|Any CPU
		{BB6858D5-CDBC-4541-9CC3-DB258B3E0A72}.Release|Any CPU.ActiveCfg = Release|Any CPU
		{BB6858D5-CDBC-4541-9CC3-DB258B3E0A72}.Release|Any CPU.Build.0 = Release|Any CPU
	EndGlobalSection
	GlobalSection(SolutionProperties) = preSolution
		HideSolutionNode = FALSE
	EndGlobalSection
	GlobalSection(ExtensibilityGlobals) = postSolution
		SolutionGuid = {B3AA3C35-96EE-4931-9D5B-FFED3B0E5C6C}
	EndGlobalSection
EndGlobal
